// !$*UTF8*$!
{
	archiveVersion = 1;
	classes = {
	};
	objectVersion = 42;
	objects = {

/* Begin PBXBuildFile section */
		BD0A9D830D08432200FCAB90 /* libFoob.a in Frameworks */ = {isa = PBXBuildFile; fileRef = FA617F300B42A08A00D81968 /* libFoob.a */; };
		BD26448D0D67B598004D81DC /* Default.png in CopyFiles */ = {isa = PBXBuildFile; fileRef = BD26448C0D67B598004D81DC /* Default.png */; };
		FA35C9B00ADCAE6C00F6B7A4 /* test1.wordlist in Resources */ = {isa = PBXBuildFile; fileRef = FA35C9AE0ADCAE6C00F6B7A4 /* test1.wordlist */; };
		FA35C9B10ADCAE6C00F6B7A4 /* test2.wordlist in Resources */ = {isa = PBXBuildFile; fileRef = FA35C9AF0ADCAE6C00F6B7A4 /* test2.wordlist */; };
		FA423C3E0A58386D00CD318B /* CoreRecipes.xcdatamodel in Sources */ = {isa = PBXBuildFile; fileRef = 2630D8900835730400549473 /* CoreRecipes.xcdatamodel */; };
		FA5E72650AC6C39400752EB7 /* AppleAnimator.js in Sources */ = {isa = PBXBuildFile; fileRef = FA5E72560AC6C39400752EB7 /* AppleAnimator.js */; };
		FA5E726B0AC6C39400752EB7 /* Info.plist in Resources */ = {isa = PBXBuildFile; fileRef = FA5E725C0AC6C39400752EB7 /* Info.plist */; };
		FA5E726D0AC6C39400752EB7 /* Stretcher.js in Sources */ = {isa = PBXBuildFile; fileRef = FA5E725E0AC6C39400752EB7 /* Stretcher.js */; };
		FA5E72710AC6C39400752EB7 /* Tudget.js in Sources */ = {isa = PBXBuildFile; fileRef = FA5E72620AC6C39400752EB7 /* Tudget.js */; };
		FA5E72B30AC6C51C00752EB7 /* AppleAnimator.js in CopyFiles */ = {isa = PBXBuildFile; fileRef = FA5E72560AC6C39400752EB7 /* AppleAnimator.js */; };
		FA5E72B40AC6C51C00752EB7 /* Bottom.png in CopyFiles */ = {isa = PBXBuildFile; fileRef = FA5E72570AC6C39400752EB7 /* Bottom.png */; };
		FA5E72B50AC6C51C00752EB7 /* Center.png in CopyFiles */ = {isa = PBXBuildFile; fileRef = FA5E72580AC6C39400752EB7 /* Center.png */; };
		FA5E72B70AC6C51C00752EB7 /* happy.png in CopyFiles */ = {isa = PBXBuildFile; fileRef = FA5E725A0AC6C39400752EB7 /* happy.png */; };
		FA5E72B80AC6C51C00752EB7 /* Icon.png in CopyFiles */ = {isa = PBXBuildFile; fileRef = FA5E725B0AC6C39400752EB7 /* Icon.png */; };
		FA5E72B90AC6C51C00752EB7 /* Info.plist in CopyFiles */ = {isa = PBXBuildFile; fileRef = FA5E725C0AC6C39400752EB7 /* Info.plist */; };
		FA5E72BA0AC6C51C00752EB7 /* Stretcher.html in CopyFiles */ = {isa = PBXBuildFile; fileRef = FA5E725D0AC6C39400752EB7 /* Stretcher.html */; };
		FA5E72BB0AC6C51C00752EB7 /* Stretcher.js in CopyFiles */ = {isa = PBXBuildFile; fileRef = FA5E725E0AC6C39400752EB7 /* Stretcher.js */; };
		FA5E72BD0AC6C51C00752EB7 /* Top.png in CopyFiles */ = {isa = PBXBuildFile; fileRef = FA5E72600AC6C39400752EB7 /* Top.png */; };
		FA5E72BE0AC6C51C00752EB7 /* Tudget.css in CopyFiles */ = {isa = PBXBuildFile; fileRef = FA5E72610AC6C39400752EB7 /* Tudget.css */; };
		FA5E72BF0AC6C51C00752EB7 /* Tudget.js in CopyFiles */ = {isa = PBXBuildFile; fileRef = FA5E72620AC6C39400752EB7 /* Tudget.js */; };
		FA5E72C00AC6C51C00752EB7 /* unhappy.png in CopyFiles */ = {isa = PBXBuildFile; fileRef = FA5E72630AC6C39400752EB7 /* unhappy.png */; };
		FA5E72C10AC6C51C00752EB7 /* worried.png in CopyFiles */ = {isa = PBXBuildFile; fileRef = FA5E72640AC6C39400752EB7 /* worried.png */; };
		FA617EF40B429F7500D81968 /* md5.h in CopyFiles */ = {isa = PBXBuildFile; fileRef = FA617EF20B429F7500D81968 /* md5.h */; };
		FA617F310B42A09700D81968 /* md5.c in Sources */ = {isa = PBXBuildFile; fileRef = FA617EF30B429F7500D81968 /* md5.c */; };
		FA617F360B42A0AE00D81968 /* md5.h in Headers */ = {isa = PBXBuildFile; fileRef = FA617EF20B429F7500D81968 /* md5.h */; };
		FA617F380B42A0D000D81968 /* libFoob.a in Frameworks */ = {isa = PBXBuildFile; fileRef = FA617F300B42A08A00D81968 /* libFoob.a */; };
		FA8A6B1A0A57F94900D0A95E /* CoreData.framework in Frameworks */ = {isa = PBXBuildFile; fileRef = 2630D8960835737900549473 /* CoreData.framework */; };
		FAB26D090A56FE3E00B56DF6 /* Logic.m in Sources */ = {isa = PBXBuildFile; fileRef = FAB26CC10A56C07500B56DF6 /* Logic.m */; };
		FABB80650A66DE7000CAC42A /* Logic.m in Sources */ = {isa = PBXBuildFile; fileRef = FAB26CC10A56C07500B56DF6 /* Logic.m */; };
		FABB80B10A66EEC800CAC42A /* CoreRecipes.xcdatamodel in Sources */ = {isa = PBXBuildFile; fileRef = 2630D8900835730400549473 /* CoreRecipes.xcdatamodel */; };
		FABD07710A658EE500F69CD8 /* InfoPlist.strings in Resources */ = {isa = PBXBuildFile; fileRef = FABD076F0A658EE400F69CD8 /* InfoPlist.strings */; };
		FABD077E0A658F6F00F69CD8 /* MyPluginClass.m in Sources */ = {isa = PBXBuildFile; fileRef = FABD077D0A658F6F00F69CD8 /* MyPluginClass.m */; };
		FABD07CD0A658FCE00F69CD8 /* Cocoa.framework in Frameworks */ = {isa = PBXBuildFile; fileRef = FABD07CB0A658FCE00F69CD8 /* Cocoa.framework */; };
		FABD07CE0A658FCE00F69CD8 /* WebKit.framework in Frameworks */ = {isa = PBXBuildFile; fileRef = FABD07CC0A658FCE00F69CD8 /* WebKit.framework */; };
		FABD07D50A65900F00F69CD8 /* TudgetPlugin.widgetplugin in CopyFiles */ = {isa = PBXBuildFile; fileRef = FABD07680A658E8000F69CD8 /* TudgetPlugin.widgetplugin */; };
/* End PBXBuildFile section */

/* Begin PBXCopyFilesBuildPhase section */
		FA5E720E0AC6C18700752EB7 /* CopyFiles */ = {
			isa = PBXCopyFilesBuildPhase;
			buildActionMask = 12;
			dstPath = "~/Library/Widgets/Stretcher.wdgt";
			dstSubfolderSpec = 0;
			files = (
				BD26448D0D67B598004D81DC /* Default.png in CopyFiles */,
				FA5E72B30AC6C51C00752EB7 /* AppleAnimator.js in CopyFiles */,
				FA5E72B40AC6C51C00752EB7 /* Bottom.png in CopyFiles */,
				FA5E72B50AC6C51C00752EB7 /* Center.png in CopyFiles */,
				FA5E72B70AC6C51C00752EB7 /* happy.png in CopyFiles */,
				FA5E72B80AC6C51C00752EB7 /* Icon.png in CopyFiles */,
				FA5E72B90AC6C51C00752EB7 /* Info.plist in CopyFiles */,
				FA5E72BA0AC6C51C00752EB7 /* Stretcher.html in CopyFiles */,
				FA5E72BB0AC6C51C00752EB7 /* Stretcher.js in CopyFiles */,
				FA5E72BD0AC6C51C00752EB7 /* Top.png in CopyFiles */,
				FA5E72BE0AC6C51C00752EB7 /* Tudget.css in CopyFiles */,
				FA5E72BF0AC6C51C00752EB7 /* Tudget.js in CopyFiles */,
				FA5E72C00AC6C51C00752EB7 /* unhappy.png in CopyFiles */,
				FA5E72C10AC6C51C00752EB7 /* worried.png in CopyFiles */,
				FABD07D50A65900F00F69CD8 /* TudgetPlugin.widgetplugin in CopyFiles */,
				FA617EF40B429F7500D81968 /* md5.h in CopyFiles */,
			);
			runOnlyForDeploymentPostprocessing = 0;
		};
/* End PBXCopyFilesBuildPhase section */

/* Begin PBXFileReference section */
		2630D8900835730400549473 /* CoreRecipes.xcdatamodel */ = {isa = PBXFileReference; fileEncoding = 30; lastKnownFileType = wrapper.xcdatamodel; path = CoreRecipes.xcdatamodel; sourceTree = "<group>"; };
		2630D8960835737900549473 /* CoreData.framework */ = {isa = PBXFileReference; lastKnownFileType = wrapper.framework; name = CoreData.framework; path = /System/Library/Frameworks/CoreData.framework; sourceTree = "<absolute>"; };
		BD0A9CBE0D08415700FCAB90 /* AppKit.framework */ = {isa = PBXFileReference; lastKnownFileType = wrapper.framework; name = AppKit.framework; path = /System/Library/Frameworks/AppKit.framework; sourceTree = "<absolute>"; };
		BD26448C0D67B598004D81DC /* Default.png */ = {isa = PBXFileReference; lastKnownFileType = image.png; path = Default.png; sourceTree = "<group>"; };
		FA35C9AE0ADCAE6C00F6B7A4 /* test1.wordlist */ = {isa = PBXFileReference; fileEncoding = 30; lastKnownFileType = text; path = test1.wordlist; sourceTree = "<group>"; };
		FA35C9AF0ADCAE6C00F6B7A4 /* test2.wordlist */ = {isa = PBXFileReference; fileEncoding = 30; lastKnownFileType = text; path = test2.wordlist; sourceTree = "<group>"; };
		FA5E72560AC6C39400752EB7 /* AppleAnimator.js */ = {isa = PBXFileReference; fileEncoding = 30; lastKnownFileType = sourcecode.javascript; path = AppleAnimator.js; sourceTree = "<group>"; };
		FA5E72570AC6C39400752EB7 /* Bottom.png */ = {isa = PBXFileReference; lastKnownFileType = image.png; path = Bottom.png; sourceTree = "<group>"; };
		FA5E72580AC6C39400752EB7 /* Center.png */ = {isa = PBXFileReference; lastKnownFileType = image.png; path = Center.png; sourceTree = "<group>"; };
		FA5E725A0AC6C39400752EB7 /* happy.png */ = {isa = PBXFileReference; lastKnownFileType = image.png; path = happy.png; sourceTree = "<group>"; };
		FA5E725B0AC6C39400752EB7 /* Icon.png */ = {isa = PBXFileReference; lastKnownFileType = image.png; path = Icon.png; sourceTree = "<group>"; };
		FA5E725C0AC6C39400752EB7 /* Info.plist */ = {isa = PBXFileReference; fileEncoding = 30; lastKnownFileType = text.xml; path = Info.plist; sourceTree = "<group>"; };
		FA5E725D0AC6C39400752EB7 /* Stretcher.html */ = {isa = PBXFileReference; fileEncoding = 30; lastKnownFileType = text.html; path = Stretcher.html; sourceTree = "<group>"; };
		FA5E725E0AC6C39400752EB7 /* Stretcher.js */ = {isa = PBXFileReference; fileEncoding = 30; lastKnownFileType = sourcecode.javascript; path = Stretcher.js; sourceTree = "<group>"; };
		FA5E72600AC6C39400752EB7 /* Top.png */ = {isa = PBXFileReference; lastKnownFileType = image.png; path = Top.png; sourceTree = "<group>"; };
		FA5E72610AC6C39400752EB7 /* Tudget.css */ = {isa = PBXFileReference; fileEncoding = 30; lastKnownFileType = text; path = Tudget.css; sourceTree = "<group>"; };
		FA5E72620AC6C39400752EB7 /* Tudget.js */ = {isa = PBXFileReference; fileEncoding = 30; lastKnownFileType = sourcecode.javascript; path = Tudget.js; sourceTree = "<group>"; };
		FA5E72630AC6C39400752EB7 /* unhappy.png */ = {isa = PBXFileReference; lastKnownFileType = image.png; path = unhappy.png; sourceTree = "<group>"; };
		FA5E72640AC6C39400752EB7 /* worried.png */ = {isa = PBXFileReference; lastKnownFileType = image.png; path = worried.png; sourceTree = "<group>"; };
		FA617EF20B429F7500D81968 /* md5.h */ = {isa = PBXFileReference; fileEncoding = 30; lastKnownFileType = sourcecode.c.h; path = md5.h; sourceTree = "<group>"; };
		FA617EF30B429F7500D81968 /* md5.c */ = {isa = PBXFileReference; fileEncoding = 30; lastKnownFileType = sourcecode.c.c; path = md5.c; sourceTree = "<group>"; };
		FA617F300B42A08A00D81968 /* libFoob.a */ = {isa = PBXFileReference; explicitFileType = archive.ar; includeInIndex = 0; path = libFoob.a; sourceTree = BUILT_PRODUCTS_DIR; };
		FAB26C170A55D8AB00B56DF6 /* BackendTests.octest */ = {isa = PBXFileReference; explicitFileType = wrapper.cfbundle; includeInIndex = 0; name = BackendTests.octest; path = /Users/lypanov/github/wordcram/WordCramWidget/build/Development/BackendTests.octest; sourceTree = "<absolute>"; };
		FAB26CC00A56C07500B56DF6 /* Logic.h */ = {isa = PBXFileReference; fileEncoding = 4; lastKnownFileType = sourcecode.c.h; path = Logic.h; sourceTree = "<group>"; };
		FAB26CC10A56C07500B56DF6 /* Logic.m */ = {isa = PBXFileReference; fileEncoding = 4; lastKnownFileType = sourcecode.c.objc; path = Logic.m; sourceTree = "<group>"; };
		FABD07680A658E8000F69CD8 /* TudgetPlugin.widgetplugin */ = {isa = PBXFileReference; explicitFileType = wrapper.cfbundle; includeInIndex = 0; path = TudgetPlugin.widgetplugin; sourceTree = BUILT_PRODUCTS_DIR; };
		FABD07700A658EE500F69CD8 /* English */ = {isa = PBXFileReference; fileEncoding = 30; lastKnownFileType = text.plist.strings; name = English; path = English.lproj/InfoPlist.strings; sourceTree = "<group>"; };
		FABD07780A658F0900F69CD8 /* Info.plist */ = {isa = PBXFileReference; fileEncoding = 30; lastKnownFileType = text.xml; name = Info.plist; path = Sources/Info.plist; sourceTree = "<group>"; };
		FABD077C0A658F6F00F69CD8 /* MyPluginClass.h */ = {isa = PBXFileReference; fileEncoding = 30; lastKnownFileType = sourcecode.c.h; path = MyPluginClass.h; sourceTree = "<group>"; };
		FABD077D0A658F6F00F69CD8 /* MyPluginClass.m */ = {isa = PBXFileReference; fileEncoding = 30; lastKnownFileType = sourcecode.c.objc; path = MyPluginClass.m; sourceTree = "<group>"; };
		FABD07CB0A658FCE00F69CD8 /* Cocoa.framework */ = {isa = PBXFileReference; lastKnownFileType = wrapper.framework; name = Cocoa.framework; path = /System/Library/Frameworks/Cocoa.framework; sourceTree = "<absolute>"; };
		FABD07CC0A658FCE00F69CD8 /* WebKit.framework */ = {isa = PBXFileReference; lastKnownFileType = wrapper.framework; name = WebKit.framework; path = /System/Library/Frameworks/WebKit.framework; sourceTree = "<absolute>"; };
/* End PBXFileReference section */

/* Begin PBXFrameworksBuildPhase section */
		FA617F2E0B42A08A00D81968 /* Frameworks */ = {
			isa = PBXFrameworksBuildPhase;
			buildActionMask = 2147483647;
			files = (
			);
			runOnlyForDeploymentPostprocessing = 0;
		};
		FAB26C140A55D8AB00B56DF6 /* Frameworks */ = {
			isa = PBXFrameworksBuildPhase;
			buildActionMask = 2147483647;
			files = (
				BD0A9D830D08432200FCAB90 /* libFoob.a in Frameworks */,
				FA8A6B1A0A57F94900D0A95E /* CoreData.framework in Frameworks */,
			);
			runOnlyForDeploymentPostprocessing = 0;
		};
		FABD07660A658E8000F69CD8 /* Frameworks */ = {
			isa = PBXFrameworksBuildPhase;
			buildActionMask = 2147483647;
			files = (
				FA617F380B42A0D000D81968 /* libFoob.a in Frameworks */,
				FABD07CD0A658FCE00F69CD8 /* Cocoa.framework in Frameworks */,
				FABD07CE0A658FCE00F69CD8 /* WebKit.framework in Frameworks */,
			);
			runOnlyForDeploymentPostprocessing = 0;
		};
/* End PBXFrameworksBuildPhase section */

/* Begin PBXGroup section */
		08FB7794FE84155DC02AAC07 /* CoreRecipesTool */ = {
			isa = PBXGroup;
			children = (
				FABD07780A658F0900F69CD8 /* Info.plist */,
				FABD07CB0A658FCE00F69CD8 /* Cocoa.framework */,
				FABD07CC0A658FCE00F69CD8 /* WebKit.framework */,
				FABD077B0A658F3F00F69CD8 /* Resources */,
				2630D88C083572C900549473 /* Models */,
				08FB7795FE84155DC02AAC07 /* Sources */,
				08FB779DFE84155DC02AAC07 /* External Frameworks and Libraries */,
				1AB674ADFE9D54B511CA2CBB /* Products */,
			);
			name = CoreRecipesTool;
			sourceTree = "<group>";
		};
		08FB7795FE84155DC02AAC07 /* Sources */ = {
			isa = PBXGroup;
			children = (
				FA617EF20B429F7500D81968 /* md5.h */,
				FA617EF30B429F7500D81968 /* md5.c */,
				FABD077C0A658F6F00F69CD8 /* MyPluginClass.h */,
				FABD077D0A658F6F00F69CD8 /* MyPluginClass.m */,
				FAB26CC00A56C07500B56DF6 /* Logic.h */,
				FAB26CC10A56C07500B56DF6 /* Logic.m */,
			);
			path = Sources;
			sourceTree = "<group>";
		};
		08FB779DFE84155DC02AAC07 /* External Frameworks and Libraries */ = {
			isa = PBXGroup;
			children = (
				BD0A9CBE0D08415700FCAB90 /* AppKit.framework */,
				2630D8960835737900549473 /* CoreData.framework */,
			);
			name = "External Frameworks and Libraries";
			sourceTree = "<group>";
		};
		1AB674ADFE9D54B511CA2CBB /* Products */ = {
			isa = PBXGroup;
			children = (
				FABD07680A658E8000F69CD8 /* TudgetPlugin.widgetplugin */,
				FA617F300B42A08A00D81968 /* libFoob.a */,
			);
			name = Products;
			sourceTree = "<group>";
		};
		2630D88C083572C900549473 /* Models */ = {
			isa = PBXGroup;
			children = (
				2630D8900835730400549473 /* CoreRecipes.xcdatamodel */,
			);
			path = Models;
			sourceTree = "<group>";
		};
		FA5E72550AC6C39400752EB7 /* Widget */ = {
			isa = PBXGroup;
			children = (
				BD26448C0D67B598004D81DC /* Default.png */,
				FA35C9AE0ADCAE6C00F6B7A4 /* test1.wordlist */,
				FA35C9AF0ADCAE6C00F6B7A4 /* test2.wordlist */,
				FA5E72560AC6C39400752EB7 /* AppleAnimator.js */,
				FA5E72570AC6C39400752EB7 /* Bottom.png */,
				FA5E72580AC6C39400752EB7 /* Center.png */,
				FA5E725A0AC6C39400752EB7 /* happy.png */,
				FA5E725B0AC6C39400752EB7 /* Icon.png */,
				FA5E725C0AC6C39400752EB7 /* Info.plist */,
				FA5E725D0AC6C39400752EB7 /* Stretcher.html */,
				FA5E725E0AC6C39400752EB7 /* Stretcher.js */,
				FA5E72600AC6C39400752EB7 /* Top.png */,
				FA5E72610AC6C39400752EB7 /* Tudget.css */,
				FA5E72620AC6C39400752EB7 /* Tudget.js */,
				FA5E72630AC6C39400752EB7 /* unhappy.png */,
				FA5E72640AC6C39400752EB7 /* worried.png */,
			);
			name = Widget;
			path = Stretcher;
			sourceTree = "<group>";
		};
		FABD077B0A658F3F00F69CD8 /* Resources */ = {
			isa = PBXGroup;
			children = (
				FA5E72550AC6C39400752EB7 /* Widget */,
				FABD076F0A658EE400F69CD8 /* InfoPlist.strings */,
			);
			name = Resources;
			sourceTree = "<group>";
		};
/* End PBXGroup section */

/* Begin PBXHeadersBuildPhase section */
		FA617F2C0B42A08A00D81968 /* Headers */ = {
			isa = PBXHeadersBuildPhase;
			buildActionMask = 2147483647;
			files = (
				FA617F360B42A0AE00D81968 /* md5.h in Headers */,
			);
			runOnlyForDeploymentPostprocessing = 0;
		};
/* End PBXHeadersBuildPhase section */

/* Begin PBXNativeTarget section */
		FA617F2F0B42A08A00D81968 /* Foob */ = {
			isa = PBXNativeTarget;
			buildConfigurationList = FA617F3B0B42A0EE00D81968 /* Build configuration list for PBXNativeTarget "Foob" */;
			buildPhases = (
				FA617F2C0B42A08A00D81968 /* Headers */,
				FA617F2D0B42A08A00D81968 /* Sources */,
				FA617F2E0B42A08A00D81968 /* Frameworks */,
			);
			buildRules = (
			);
			dependencies = (
			);
			name = Foob;
			productName = Foob;
			productReference = FA617F300B42A08A00D81968 /* libFoob.a */;
			productType = "com.apple.product-type.library.static";
		};
		FAB26C160A55D8AB00B56DF6 /* BackendTests */ = {
			isa = PBXNativeTarget;
			buildConfigurationList = FAB26C190A55D8AB00B56DF6 /* Build configuration list for PBXNativeTarget "BackendTests" */;
			buildPhases = (
				FAB26C120A55D8AB00B56DF6 /* Resources */,
				FAB26C130A55D8AB00B56DF6 /* Sources */,
				FAB26C140A55D8AB00B56DF6 /* Frameworks */,
				FAB26C150A55D8AB00B56DF6 /* ShellScript */,
			);
			buildRules = (
			);
			dependencies = (
			);
			name = BackendTests;
			productName = BackendTests;
			productReference = FAB26C170A55D8AB00B56DF6 /* BackendTests.octest */;
			productType = "com.apple.product-type.bundle";
		};
		FABD07670A658E8000F69CD8 /* TudgetPlugin */ = {
			isa = PBXNativeTarget;
			buildConfigurationList = FABD076A0A658E8300F69CD8 /* Build configuration list for PBXNativeTarget "TudgetPlugin" */;
			buildPhases = (
				FABD07640A658E8000F69CD8 /* Resources */,
				FABD07650A658E8000F69CD8 /* Sources */,
				FABD07660A658E8000F69CD8 /* Frameworks */,
				FA5E72920AC6C44300752EB7 /* ShellScript */,
				FA5E720E0AC6C18700752EB7 /* CopyFiles */,
				FABD07DD0A65904900F69CD8 /* ShellScript */,
			);
			buildRules = (
			);
			dependencies = (
			);
			name = TudgetPlugin;
			productName = TudgetPlugin;
			productReference = FABD07680A658E8000F69CD8 /* TudgetPlugin.widgetplugin */;
			productType = "com.apple.product-type.bundle";
		};
/* End PBXNativeTarget section */

/* Begin PBXProject section */
		08FB7793FE84155DC02AAC07 /* Project object */ = {
			isa = PBXProject;
			buildConfigurationList = FA4802990A4F0CCD00934C07 /* Build configuration list for PBXProject "WordCramWidget" */;
			compatibilityVersion = "Xcode 2.4";
			hasScannedForEncodings = 1;
			mainGroup = 08FB7794FE84155DC02AAC07 /* CoreRecipesTool */;
			projectDirPath = "";
			projectRoot = "";
			targets = (
				FAB26C160A55D8AB00B56DF6 /* BackendTests */,
				FABD07670A658E8000F69CD8 /* TudgetPlugin */,
				FA617F2F0B42A08A00D81968 /* Foob */,
			);
		};
/* End PBXProject section */

/* Begin PBXResourcesBuildPhase section */
		FAB26C120A55D8AB00B56DF6 /* Resources */ = {
			isa = PBXResourcesBuildPhase;
			buildActionMask = 2147483647;
			files = (
			);
			runOnlyForDeploymentPostprocessing = 0;
		};
		FABD07640A658E8000F69CD8 /* Resources */ = {
			isa = PBXResourcesBuildPhase;
			buildActionMask = 2147483647;
			files = (
				FABD07710A658EE500F69CD8 /* InfoPlist.strings in Resources */,
				FA5E726B0AC6C39400752EB7 /* Info.plist in Resources */,
				FA35C9B00ADCAE6C00F6B7A4 /* test1.wordlist in Resources */,
				FA35C9B10ADCAE6C00F6B7A4 /* test2.wordlist in Resources */,
			);
			runOnlyForDeploymentPostprocessing = 0;
		};
/* End PBXResourcesBuildPhase section */

/* Begin PBXShellScriptBuildPhase section */
		FA5E72920AC6C44300752EB7 /* ShellScript */ = {
			isa = PBXShellScriptBuildPhase;
			buildActionMask = 2147483647;
			files = (
			);
			inputPaths = (
			);
			outputPaths = (
			);
			runOnlyForDeploymentPostprocessing = 0;
			shellPath = /bin/sh;
			shellScript = "mkdir -p ~/Library/Widgets/Stretcher.wdgt";
		};
		FAB26C150A55D8AB00B56DF6 /* ShellScript */ = {
			isa = PBXShellScriptBuildPhase;
			buildActionMask = 2147483647;
			files = (
			);
			inputPaths = (
			);
			outputPaths = (
			);
			runOnlyForDeploymentPostprocessing = 0;
			shellPath = /bin/sh;
			shellScript = "# Run the unit tests in this test bundle.\n\"${SYSTEM_DEVELOPER_DIR}/Tools/RunUnitTests\"\n";
		};
		FABD07DD0A65904900F69CD8 /* ShellScript */ = {
			isa = PBXShellScriptBuildPhase;
			buildActionMask = 2147483647;
			files = (
			);
			inputPaths = (
			);
			outputPaths = (
			);
			runOnlyForDeploymentPostprocessing = 0;
			shellPath = /bin/sh;
			shellScript = "kill `ps avxuww | grep Stretcher.wdgt | grep Dashboard | sed \"s/^[ ]*//g\" | cut -f1 -d\" \"`\nexit 0";
		};
/* End PBXShellScriptBuildPhase section */

/* Begin PBXSourcesBuildPhase section */
		FA617F2D0B42A08A00D81968 /* Sources */ = {
			isa = PBXSourcesBuildPhase;
			buildActionMask = 2147483647;
			files = (
				FA617F310B42A09700D81968 /* md5.c in Sources */,
			);
			runOnlyForDeploymentPostprocessing = 0;
		};
		FAB26C130A55D8AB00B56DF6 /* Sources */ = {
			isa = PBXSourcesBuildPhase;
			buildActionMask = 2147483647;
			files = (
				FA423C3E0A58386D00CD318B /* CoreRecipes.xcdatamodel in Sources */,
				FAB26D090A56FE3E00B56DF6 /* Logic.m in Sources */,
			);
			runOnlyForDeploymentPostprocessing = 0;
		};
		FABD07650A658E8000F69CD8 /* Sources */ = {
			isa = PBXSourcesBuildPhase;
			buildActionMask = 2147483647;
			files = (
				FABB80B10A66EEC800CAC42A /* CoreRecipes.xcdatamodel in Sources */,
				FABB80650A66DE7000CAC42A /* Logic.m in Sources */,
				FABD077E0A658F6F00F69CD8 /* MyPluginClass.m in Sources */,
				FA5E72650AC6C39400752EB7 /* AppleAnimator.js in Sources */,
				FA5E726D0AC6C39400752EB7 /* Stretcher.js in Sources */,
				FA5E72710AC6C39400752EB7 /* Tudget.js in Sources */,
			);
			runOnlyForDeploymentPostprocessing = 0;
		};
/* End PBXSourcesBuildPhase section */

/* Begin PBXVariantGroup section */
		FABD076F0A658EE400F69CD8 /* InfoPlist.strings */ = {
			isa = PBXVariantGroup;
			children = (
				FABD07700A658EE500F69CD8 /* English */,
			);
			name = InfoPlist.strings;
			path = Sources;
			sourceTree = "<group>";
		};
/* End PBXVariantGroup section */

/* Begin XCBuildConfiguration section */
		FA48029A0A4F0CCD00934C07 /* Development */ = {
			isa = XCBuildConfiguration;
			buildSettings = {
				DEBUG_INFORMATION_FORMAT = dwarf;
				GCC_ENABLE_OBJC_EXCEPTIONS = YES;
				GCC_FAST_OBJC_DISPATCH = NO;
				GCC_MODEL_TUNING = "";
				SDKROOT = /Developer/SDKs/MacOSX10.4u.sdk;
			};
			name = Development;
		};
		FA48029B0A4F0CCD00934C07 /* Deployment */ = {
			isa = XCBuildConfiguration;
			buildSettings = {
				ARCHS = (
					ppc,
					i386,
				);
				SDKROOT = /Developer/SDKs/MacOSX10.4u.sdk;
			};
			name = Deployment;
		};
		FA48029C0A4F0CCD00934C07 /* Default */ = {
			isa = XCBuildConfiguration;
			buildSettings = {
				SDKROOT = /Developer/SDKs/MacOSX10.4u.sdk;
			};
			name = Default;
		};
		FA617F3C0B42A0EE00D81968 /* Development */ = {
			isa = XCBuildConfiguration;
			buildSettings = {
				COPY_PHASE_STRIP = NO;
				GCC_DYNAMIC_NO_PIC = NO;
				GCC_ENABLE_FIX_AND_CONTINUE = YES;
				GCC_GENERATE_DEBUGGING_SYMBOLS = YES;
				GCC_MODEL_TUNING = G5;
				GCC_OPTIMIZATION_LEVEL = 0;
				INSTALL_PATH = /usr/local/lib;
				PREBINDING = NO;
				PRODUCT_NAME = Foob;
				ZERO_LINK = YES;
			};
			name = Development;
		};
		FA617F3D0B42A0EE00D81968 /* Deployment */ = {
			isa = XCBuildConfiguration;
			buildSettings = {
				COPY_PHASE_STRIP = YES;
				GCC_ENABLE_FIX_AND_CONTINUE = NO;
				GCC_GENERATE_DEBUGGING_SYMBOLS = NO;
				GCC_MODEL_TUNING = G5;
				INSTALL_PATH = /usr/local/lib;
				PREBINDING = NO;
				PRODUCT_NAME = Foob;
				ZERO_LINK = NO;
			};
			name = Deployment;
		};
		FA617F3E0B42A0EE00D81968 /* Default */ = {
			isa = XCBuildConfiguration;
			buildSettings = {
				GCC_ENABLE_FIX_AND_CONTINUE = YES;
				GCC_MODEL_TUNING = G5;
				INSTALL_PATH = /usr/local/lib;
				PREBINDING = NO;
				PRODUCT_NAME = Foob;
				ZERO_LINK = YES;
			};
			name = Default;
		};
		FAB26C1A0A55D8AB00B56DF6 /* Development */ = {
			isa = XCBuildConfiguration;
			buildSettings = {
				COPY_PHASE_STRIP = NO;
				FRAMEWORK_SEARCH_PATHS = (
					"$(inherited)",
					"$(FRAMEWORK_SEARCH_PATHS_QUOTED_1)",
					"$(DEVELOPER_FRAMEWORKS_DIR_QUOTED)",
				);
				FRAMEWORK_SEARCH_PATHS_QUOTED_1 = "\"$(SRCROOT)/../../Builds/Development\"";
				GCC_DYNAMIC_NO_PIC = NO;
				GCC_ENABLE_FIX_AND_CONTINUE = NO;
				GCC_ENABLE_OBJC_EXCEPTIONS = YES;
				GCC_GENERATE_DEBUGGING_SYMBOLS = YES;
				GCC_MODEL_TUNING = G5;
				GCC_OPTIMIZATION_LEVEL = 0;
				GCC_PRECOMPILE_PREFIX_HEADER = YES;
				GCC_PREFIX_HEADER = "$(SYSTEM_LIBRARY_DIR)/Frameworks/Cocoa.framework/Headers/Cocoa.h";
				INFOPLIST_FILE = "BackendTests-Info.plist";
				INSTALL_PATH = "$(USER_LIBRARY_DIR)/Bundles";
				OTHER_LDFLAGS = (
					"-framework",
					Cocoa,
					"-framework",
					SenTestingKit,
				);
				PREBINDING = NO;
				PRODUCT_NAME = BackendTests;
				WRAPPER_EXTENSION = octest;
				ZERO_LINK = NO;
			};
			name = Development;
		};
		FAB26C1B0A55D8AB00B56DF6 /* Deployment */ = {
			isa = XCBuildConfiguration;
			buildSettings = {
				COPY_PHASE_STRIP = YES;
				FRAMEWORK_SEARCH_PATHS = (
					"$(inherited)",
					"$(FRAMEWORK_SEARCH_PATHS_QUOTED_1)",
					"$(DEVELOPER_FRAMEWORKS_DIR_QUOTED)",
				);
				FRAMEWORK_SEARCH_PATHS_QUOTED_1 = "\"$(SRCROOT)/../../Builds/Development\"";
				GCC_ENABLE_FIX_AND_CONTINUE = NO;
				GCC_ENABLE_OBJC_EXCEPTIONS = YES;
				GCC_GENERATE_DEBUGGING_SYMBOLS = NO;
				GCC_MODEL_TUNING = G5;
				GCC_PRECOMPILE_PREFIX_HEADER = YES;
				GCC_PREFIX_HEADER = "$(SYSTEM_LIBRARY_DIR)/Frameworks/Cocoa.framework/Headers/Cocoa.h";
				INFOPLIST_FILE = "BackendTests-Info.plist";
				INSTALL_PATH = "$(USER_LIBRARY_DIR)/Bundles";
				OTHER_LDFLAGS = (
					"-framework",
					Cocoa,
					"-framework",
					SenTestingKit,
				);
				PREBINDING = NO;
				PRODUCT_NAME = BackendTests;
				WRAPPER_EXTENSION = octest;
				ZERO_LINK = NO;
			};
			name = Deployment;
		};
		FAB26C1C0A55D8AB00B56DF6 /* Default */ = {
			isa = XCBuildConfiguration;
			buildSettings = {
				FRAMEWORK_SEARCH_PATHS = (
					"$(inherited)",
					"$(FRAMEWORK_SEARCH_PATHS_QUOTED_1)",
					"$(DEVELOPER_FRAMEWORKS_DIR_QUOTED)",
				);
				FRAMEWORK_SEARCH_PATHS_QUOTED_1 = "\"$(SRCROOT)/../../Builds/Development\"";
				GCC_ENABLE_FIX_AND_CONTINUE = NO;
				GCC_ENABLE_OBJC_EXCEPTIONS = YES;
				GCC_MODEL_TUNING = G5;
				GCC_PRECOMPILE_PREFIX_HEADER = YES;
				GCC_PREFIX_HEADER = "$(SYSTEM_LIBRARY_DIR)/Frameworks/Cocoa.framework/Headers/Cocoa.h";
				INFOPLIST_FILE = "BackendTests-Info.plist";
				INSTALL_PATH = "$(USER_LIBRARY_DIR)/Bundles";
				OTHER_LDFLAGS = (
					"-framework",
					Cocoa,
					"-framework",
					SenTestingKit,
				);
				PREBINDING = NO;
				PRODUCT_NAME = BackendTests;
				WRAPPER_EXTENSION = octest;
				ZERO_LINK = NO;
			};
			name = Default;
		};
		FABD076B0A658E8300F69CD8 /* Development */ = {
			isa = XCBuildConfiguration;
			buildSettings = {
				COPY_PHASE_STRIP = NO;
				FRAMEWORK_SEARCH_PATHS = (
					"$(inherited)",
					"$(FRAMEWORK_SEARCH_PATHS_QUOTED_1)",
				);
				FRAMEWORK_SEARCH_PATHS_QUOTED_1 = "\"$(SRCROOT)/../../../../../Builds/Development\"";
				GCC_DYNAMIC_NO_PIC = NO;
				GCC_ENABLE_FIX_AND_CONTINUE = YES;
				GCC_GENERATE_DEBUGGING_SYMBOLS = YES;
				GCC_MODEL_TUNING = G5;
				GCC_OPTIMIZATION_LEVEL = 0;
				GCC_PRECOMPILE_PREFIX_HEADER = YES;
				GCC_PREFIX_HEADER = "$(SYSTEM_LIBRARY_DIR)/Frameworks/AppKit.framework/Headers/AppKit.h";
				INFOPLIST_FILE = Sources/Info.plist;
				INSTALL_PATH = "$(HOME)/Library/Bundles";
				OTHER_LDFLAGS = (
					"-framework",
					Foundation,
					"-framework",
					AppKit,
				);
				PREBINDING = NO;
				PRODUCT_NAME = TudgetPlugin;
				WRAPPER_EXTENSION = widgetplugin;
				ZERO_LINK = YES;
			};
			name = Development;
		};
		FABD076C0A658E8300F69CD8 /* Deployment */ = {
			isa = XCBuildConfiguration;
			buildSettings = {
				COPY_PHASE_STRIP = YES;
				FRAMEWORK_SEARCH_PATHS = (
					"$(inherited)",
					"$(FRAMEWORK_SEARCH_PATHS_QUOTED_1)",
				);
				FRAMEWORK_SEARCH_PATHS_QUOTED_1 = "\"$(SRCROOT)/../../../../../Builds/Development\"";
				GCC_ENABLE_FIX_AND_CONTINUE = NO;
				GCC_GENERATE_DEBUGGING_SYMBOLS = NO;
				GCC_MODEL_TUNING = G5;
				GCC_PRECOMPILE_PREFIX_HEADER = YES;
				GCC_PREFIX_HEADER = "$(SYSTEM_LIBRARY_DIR)/Frameworks/AppKit.framework/Headers/AppKit.h";
				INFOPLIST_FILE = "TudgetPlugin-Info.plist";
				INSTALL_PATH = "$(HOME)/Library/Bundles";
				OTHER_LDFLAGS = (
					"-framework",
					Foundation,
					"-framework",
					AppKit,
				);
				PREBINDING = NO;
				PRODUCT_NAME = TudgetPlugin;
				WRAPPER_EXTENSION = bundle;
				ZERO_LINK = NO;
			};
			name = Deployment;
		};
		FABD076D0A658E8300F69CD8 /* Default */ = {
			isa = XCBuildConfiguration;
			buildSettings = {
				FRAMEWORK_SEARCH_PATHS = (
					"$(inherited)",
					"$(FRAMEWORK_SEARCH_PATHS_QUOTED_1)",
				);
				FRAMEWORK_SEARCH_PATHS_QUOTED_1 = "\"$(SRCROOT)/../../../../../Builds/Development\"";
				GCC_ENABLE_FIX_AND_CONTINUE = YES;
				GCC_MODEL_TUNING = G5;
				GCC_PRECOMPILE_PREFIX_HEADER = YES;
				GCC_PREFIX_HEADER = "$(SYSTEM_LIBRARY_DIR)/Frameworks/AppKit.framework/Headers/AppKit.h";
				INFOPLIST_FILE = "TudgetPlugin-Info.plist";
				INSTALL_PATH = "$(HOME)/Library/Bundles";
				OTHER_LDFLAGS = (
					"-framework",
					Foundation,
					"-framework",
					AppKit,
				);
				PREBINDING = NO;
				PRODUCT_NAME = TudgetPlugin;
				WRAPPER_EXTENSION = bundle;
				ZERO_LINK = YES;
			};
			name = Default;
		};
/* End XCBuildConfiguration section */

/* Begin XCConfigurationList section */
		FA4802990A4F0CCD00934C07 /* Build configuration list for PBXProject "WordCramWidget" */ = {
			isa = XCConfigurationList;
			buildConfigurations = (
				FA48029A0A4F0CCD00934C07 /* Development */,
				FA48029B0A4F0CCD00934C07 /* Deployment */,
				FA48029C0A4F0CCD00934C07 /* Default */,
			);
			defaultConfigurationIsVisible = 0;
			defaultConfigurationName = Default;
		};
		FA617F3B0B42A0EE00D81968 /* Build configuration list for PBXNativeTarget "Foob" */ = {
			isa = XCConfigurationList;
			buildConfigurations = (
				FA617F3C0B42A0EE00D81968 /* Development */,
				FA617F3D0B42A0EE00D81968 /* Deployment */,
				FA617F3E0B42A0EE00D81968 /* Default */,
			);
			defaultConfigurationIsVisible = 0;
			defaultConfigurationName = Default;
		};
		FAB26C190A55D8AB00B56DF6 /* Build configuration list for PBXNativeTarget "BackendTests" */ = {
			isa = XCConfigurationList;
			buildConfigurations = (
				FAB26C1A0A55D8AB00B56DF6 /* Development */,
				FAB26C1B0A55D8AB00B56DF6 /* Deployment */,
				FAB26C1C0A55D8AB00B56DF6 /* Default */,
			);
			defaultConfigurationIsVisible = 0;
			defaultConfigurationName = Default;
		};
		FABD076A0A658E8300F69CD8 /* Build configuration list for PBXNativeTarget "TudgetPlugin" */ = {
			isa = XCConfigurationList;
			buildConfigurations = (
				FABD076B0A658E8300F69CD8 /* Development */,
				FABD076C0A658E8300F69CD8 /* Deployment */,
				FABD076D0A658E8300F69CD8 /* Default */,
			);
			defaultConfigurationIsVisible = 0;
			defaultConfigurationName = Default;
		};
/* End XCConfigurationList section */
	};
	rootObject = 08FB7793FE84155DC02AAC07 /* Project object */;
}
